
Microsoft Visual Studio Solution File, Format Version 12.00
# Visual Studio Version 17
VisualStudioVersion = 17.5.002.0
MinimumVisualStudioVersion = 10.0.40219.1
Project("{9A19103F-16F7-4668-BE54-9A1E7A4F7556}") = "pt-cs-labs", "lab1\pt-cs-labs.csproj", "{B8847677-6AAF-4A82-911B-62D336E61BB8}"
EndProject
Project("{9A19103F-16F7-4668-BE54-9A1E7A4F7556}") = "wpf-full", "lab2\wpf-full.csproj", "{B62508F3-B767-4D0A-BAA2-1D8B2A76A03A}"
EndProject
Project("{9A19103F-16F7-4668-BE54-9A1E7A4F7556}") = "lab3", "lab3\lab3.csproj", "{953B3A20-CFF4-4E47-B51C-AC419308BF56}"
EndProject
Project("{9A19103F-16F7-4668-BE54-9A1E7A4F7556}") = "lab4", "lab5\lab4.csproj", "{2580600E-80D6-4E0E-BC9E-7F32C9622ABB}"
EndProject
Project("{2150E333-8FDC-42A3-9474-1A3956D46DE8}") = "lab4 (1)", "lab4", "{51E45DA1-179D-4EAB-814A-3F23B2D5B424}"
EndProject
Project("{9A19103F-16F7-4668-BE54-9A1E7A4F7556}") = "lab4_tym_razem_poprawne", "lab4\app\lab4_tym_razem_poprawne.csproj", "{BB5AEEFF-EEA0-4140-A4F1-AA7DD78E3C4A}"
EndProject
Project("{9A19103F-16F7-4668-BE54-9A1E7A4F7556}") = "linq", "lab4\linq\linq.csproj", "{38EFB9CD-CEF4-49BC-9D48-991D009CA01F}"
EndProject
Global
	GlobalSection(SolutionConfigurationPlatforms) = preSolution
		Debug|Any CPU = Debug|Any CPU
		Release|Any CPU = Release|Any CPU
	EndGlobalSection
	GlobalSection(ProjectConfigurationPlatforms) = postSolution
		{B8847677-6AAF-4A82-911B-62D336E61BB8}.Debug|Any CPU.ActiveCfg = Debug|Any CPU
		{B8847677-6AAF-4A82-911B-62D336E61BB8}.Debug|Any CPU.Build.0 = Debug|Any CPU
		{B8847677-6AAF-4A82-911B-62D336E61BB8}.Release|Any CPU.ActiveCfg = Release|Any CPU
		{B8847677-6AAF-4A82-911B-62D336E61BB8}.Release|Any CPU.Build.0 = Release|Any CPU
		{B62508F3-B767-4D0A-BAA2-1D8B2A76A03A}.Debug|Any CPU.ActiveCfg = Debug|Any CPU
		{B62508F3-B767-4D0A-BAA2-1D8B2A76A03A}.Debug|Any CPU.Build.0 = Debug|Any CPU
		{B62508F3-B767-4D0A-BAA2-1D8B2A76A03A}.Release|Any CPU.ActiveCfg = Release|Any CPU
		{B62508F3-B767-4D0A-BAA2-1D8B2A76A03A}.Release|Any CPU.Build.0 = Release|Any CPU
		{953B3A20-CFF4-4E47-B51C-AC419308BF56}.Debug|Any CPU.ActiveCfg = Debug|Any CPU
		{953B3A20-CFF4-4E47-B51C-AC419308BF56}.Debug|Any CPU.Build.0 = Debug|Any CPU
		{953B3A20-CFF4-4E47-B51C-AC419308BF56}.Release|Any CPU.ActiveCfg = Release|Any CPU
		{953B3A20-CFF4-4E47-B51C-AC419308BF56}.Release|Any CPU.Build.0 = Release|Any CPU
		{2580600E-80D6-4E0E-BC9E-7F32C9622ABB}.Debug|Any CPU.ActiveCfg = Debug|Any CPU
		{2580600E-80D6-4E0E-BC9E-7F32C9622ABB}.Debug|Any CPU.Build.0 = Debug|Any CPU
		{2580600E-80D6-4E0E-BC9E-7F32C9622ABB}.Release|Any CPU.ActiveCfg = Release|Any CPU
		{2580600E-80D6-4E0E-BC9E-7F32C9622ABB}.Release|Any CPU.Build.0 = Release|Any CPU
		{BB5AEEFF-EEA0-4140-A4F1-AA7DD78E3C4A}.Debug|Any CPU.ActiveCfg = Debug|Any CPU
		{BB5AEEFF-EEA0-4140-A4F1-AA7DD78E3C4A}.Debug|Any CPU.Build.0 = Debug|Any CPU
		{BB5AEEFF-EEA0-4140-A4F1-AA7DD78E3C4A}.Release|Any CPU.ActiveCfg = Release|Any CPU
		{BB5AEEFF-EEA0-4140-A4F1-AA7DD78E3C4A}.Release|Any CPU.Build.0 = Release|Any CPU
		{38EFB9CD-CEF4-49BC-9D48-991D009CA01F}.Debug|Any CPU.ActiveCfg = Debug|Any CPU
		{38EFB9CD-CEF4-49BC-9D48-991D009CA01F}.Debug|Any CPU.Build.0 = Debug|Any CPU
		{38EFB9CD-CEF4-49BC-9D48-991D009CA01F}.Release|Any CPU.ActiveCfg = Release|Any CPU
		{38EFB9CD-CEF4-49BC-9D48-991D009CA01F}.Release|Any CPU.Build.0 = Release|Any CPU
	EndGlobalSection
	GlobalSection(SolutionProperties) = preSolution
		HideSolutionNode = FALSE
	EndGlobalSection
	GlobalSection(NestedProjects) = preSolution
		{BB5AEEFF-EEA0-4140-A4F1-AA7DD78E3C4A} = {51E45DA1-179D-4EAB-814A-3F23B2D5B424}
		{38EFB9CD-CEF4-49BC-9D48-991D009CA01F} = {51E45DA1-179D-4EAB-814A-3F23B2D5B424}
	EndGlobalSection
	GlobalSection(ExtensibilityGlobals) = postSolution
		SolutionGuid = {8A42AAF7-A1F0-44D1-9C77-4083A8AECD7A}
	EndGlobalSection
EndGlobal
