
Microsoft Visual Studio Solution File, Format Version 12.00
# Visual Studio Version 17
VisualStudioVersion = 17.5.002.0
MinimumVisualStudioVersion = 10.0.40219.1
Project("{9A19103F-16F7-4668-BE54-9A1E7A4F7556}") = "pt-cs-labs", "lab1\pt-cs-labs.csproj", "{F0CF6756-16AE-430A-80CE-07A6A026D19B}"
EndProject
Project("{9A19103F-16F7-4668-BE54-9A1E7A4F7556}") = "wpf-full", "lab2\wpf-full.csproj", "{F91CD602-8AE9-499B-8E7A-71B36C2DC742}"
EndProject
Project("{9A19103F-16F7-4668-BE54-9A1E7A4F7556}") = "lab3", "lab3\lab3.csproj", "{ECD4166E-64F2-4F67-ADA8-5235162C011D}"
EndProject
Global
	GlobalSection(SolutionConfigurationPlatforms) = preSolution
		Debug|Any CPU = Debug|Any CPU
		Release|Any CPU = Release|Any CPU
	EndGlobalSection
	GlobalSection(ProjectConfigurationPlatforms) = postSolution
		{F0CF6756-16AE-430A-80CE-07A6A026D19B}.Debug|Any CPU.ActiveCfg = Debug|Any CPU
		{F0CF6756-16AE-430A-80CE-07A6A026D19B}.Debug|Any CPU.Build.0 = Debug|Any CPU
		{F0CF6756-16AE-430A-80CE-07A6A026D19B}.Release|Any CPU.ActiveCfg = Release|Any CPU
		{F0CF6756-16AE-430A-80CE-07A6A026D19B}.Release|Any CPU.Build.0 = Release|Any CPU
		{F91CD602-8AE9-499B-8E7A-71B36C2DC742}.Debug|Any CPU.ActiveCfg = Debug|Any CPU
		{F91CD602-8AE9-499B-8E7A-71B36C2DC742}.Debug|Any CPU.Build.0 = Debug|Any CPU
		{F91CD602-8AE9-499B-8E7A-71B36C2DC742}.Release|Any CPU.ActiveCfg = Release|Any CPU
		{F91CD602-8AE9-499B-8E7A-71B36C2DC742}.Release|Any CPU.Build.0 = Release|Any CPU
		{ECD4166E-64F2-4F67-ADA8-5235162C011D}.Debug|Any CPU.ActiveCfg = Debug|Any CPU
		{ECD4166E-64F2-4F67-ADA8-5235162C011D}.Debug|Any CPU.Build.0 = Debug|Any CPU
		{ECD4166E-64F2-4F67-ADA8-5235162C011D}.Release|Any CPU.ActiveCfg = Release|Any CPU
		{ECD4166E-64F2-4F67-ADA8-5235162C011D}.Release|Any CPU.Build.0 = Release|Any CPU
	EndGlobalSection
	GlobalSection(SolutionProperties) = preSolution
		HideSolutionNode = FALSE
	EndGlobalSection
	GlobalSection(ExtensibilityGlobals) = postSolution
		SolutionGuid = {CBB34DCE-EA6F-4461-863D-525A8F75CE28}
	EndGlobalSection
EndGlobal
